
Microsoft Visual Studio Solution File, Format Version 12.00
# Visual Studio Version 17
Project("{8BC9CEB8-8B4A-11D0-8D11-00A0C91BC942}") = "ALL_BUILD", "ALL_BUILD.vcxproj", "{C7B7BED7-FBC2-34FD-9C20-961302A62BF7}"
	ProjectSection(ProjectDependencies) = postProject
		{49B2FE4F-9C1F-39C6-918D-E5D54EE55424} = {49B2FE4F-9C1F-39C6-918D-E5D54EE55424}
		{0BA60D13-FAAB-3BA3-A066-6665D32AAB1E} = {0BA60D13-FAAB-3BA3-A066-6665D32AAB1E}
	EndProjectSection
EndProject
Project("{8BC9CEB8-8B4A-11D0-8D11-00A0C91BC942}") = "RUN_TESTS", "RUN_TESTS.vcxproj", "{6B7BCDF6-2193-3851-A7CD-F2666DF5485F}"
	ProjectSection(ProjectDependencies) = postProject
		{0BA60D13-FAAB-3BA3-A066-6665D32AAB1E} = {0BA60D13-FAAB-3BA3-A066-6665D32AAB1E}
	EndProjectSection
EndProject
Project("{8BC9CEB8-8B4A-11D0-8D11-00A0C91BC942}") = "SampleApp", "SampleApp.vcxproj", "{49B2FE4F-9C1F-39C6-918D-E5D54EE55424}"
	ProjectSection(ProjectDependencies) = postProject
		{0BA60D13-FAAB-3BA3-A066-6665D32AAB1E} = {0BA60D13-FAAB-3BA3-A066-6665D32AAB1E}
	EndProjectSection
EndProject
Project("{8BC9CEB8-8B4A-11D0-8D11-00A0C91BC942}") = "ZERO_CHECK", "ZERO_CHECK.vcxproj", "{0BA60D13-FAAB-3BA3-A066-6665D32AAB1E}"
	ProjectSection(ProjectDependencies) = postProject
	EndProjectSection
EndProject
Global
	GlobalSection(SolutionConfigurationPlatforms) = preSolution
		Debug|x64 = Debug|x64
		Release|x64 = Release|x64
		MinSizeRel|x64 = MinSizeRel|x64
		RelWithDebInfo|x64 = RelWithDebInfo|x64
	EndGlobalSection
	GlobalSection(ProjectConfigurationPlatforms) = postSolution
		{C7B7BED7-FBC2-34FD-9C20-961302A62BF7}.Debug|x64.ActiveCfg = Debug|x64
		{C7B7BED7-FBC2-34FD-9C20-961302A62BF7}.Release|x64.ActiveCfg = Release|x64
		{C7B7BED7-FBC2-34FD-9C20-961302A62BF7}.MinSizeRel|x64.ActiveCfg = MinSizeRel|x64
		{C7B7BED7-FBC2-34FD-9C20-961302A62BF7}.RelWithDebInfo|x64.ActiveCfg = RelWithDebInfo|x64
		{6B7BCDF6-2193-3851-A7CD-F2666DF5485F}.Debug|x64.ActiveCfg = Debug|x64
		{6B7BCDF6-2193-3851-A7CD-F2666DF5485F}.Release|x64.ActiveCfg = Release|x64
		{6B7BCDF6-2193-3851-A7CD-F2666DF5485F}.MinSizeRel|x64.ActiveCfg = MinSizeRel|x64
		{6B7BCDF6-2193-3851-A7CD-F2666DF5485F}.RelWithDebInfo|x64.ActiveCfg = RelWithDebInfo|x64
		{49B2FE4F-9C1F-39C6-918D-E5D54EE55424}.Debug|x64.ActiveCfg = Debug|x64
		{49B2FE4F-9C1F-39C6-918D-E5D54EE55424}.Debug|x64.Build.0 = Debug|x64
		{49B2FE4F-9C1F-39C6-918D-E5D54EE55424}.Release|x64.ActiveCfg = Release|x64
		{49B2FE4F-9C1F-39C6-918D-E5D54EE55424}.Release|x64.Build.0 = Release|x64
		{49B2FE4F-9C1F-39C6-918D-E5D54EE55424}.MinSizeRel|x64.ActiveCfg = MinSizeRel|x64
		{49B2FE4F-9C1F-39C6-918D-E5D54EE55424}.MinSizeRel|x64.Build.0 = MinSizeRel|x64
		{49B2FE4F-9C1F-39C6-918D-E5D54EE55424}.RelWithDebInfo|x64.ActiveCfg = RelWithDebInfo|x64
		{49B2FE4F-9C1F-39C6-918D-E5D54EE55424}.RelWithDebInfo|x64.Build.0 = RelWithDebInfo|x64
		{0BA60D13-FAAB-3BA3-A066-6665D32AAB1E}.Debug|x64.ActiveCfg = Debug|x64
		{0BA60D13-FAAB-3BA3-A066-6665D32AAB1E}.Debug|x64.Build.0 = Debug|x64
		{0BA60D13-FAAB-3BA3-A066-6665D32AAB1E}.Release|x64.ActiveCfg = Release|x64
		{0BA60D13-FAAB-3BA3-A066-6665D32AAB1E}.Release|x64.Build.0 = Release|x64
		{0BA60D13-FAAB-3BA3-A066-6665D32AAB1E}.MinSizeRel|x64.ActiveCfg = MinSizeRel|x64
		{0BA60D13-FAAB-3BA3-A066-6665D32AAB1E}.MinSizeRel|x64.Build.0 = MinSizeRel|x64
		{0BA60D13-FAAB-3BA3-A066-6665D32AAB1E}.RelWithDebInfo|x64.ActiveCfg = RelWithDebInfo|x64
		{0BA60D13-FAAB-3BA3-A066-6665D32AAB1E}.RelWithDebInfo|x64.Build.0 = RelWithDebInfo|x64
	EndGlobalSection
	GlobalSection(ExtensibilityGlobals) = postSolution
		SolutionGuid = {087DF7B0-6419-3888-B4F7-D920FEDE46DB}
	EndGlobalSection
	GlobalSection(ExtensibilityAddIns) = postSolution
	EndGlobalSection
EndGlobal
